
Microsoft Visual Studio Solution File, Format Version 12.00
# Visual Studio Version 17
VisualStudioVersion = 17.4.33205.214
MinimumVisualStudioVersion = 10.0.40219.1
Project("{9A19103F-16F7-4668-BE54-9A1E7A4F7556}") = "Backend-Project_Juan_Web_Application", "Backend-Project_Juan_Web_Application\Backend-Project_Juan_Web_Application.csproj", "{7F00F321-BE82-4262-B09D-3B8F7504ACA5}"
EndProject
Global
	GlobalSection(SolutionConfigurationPlatforms) = preSolution
		Debug|Any CPU = Debug|Any CPU
		Release|Any CPU = Release|Any CPU
	EndGlobalSection
	GlobalSection(ProjectConfigurationPlatforms) = postSolution
		{7F00F321-BE82-4262-B09D-3B8F7504ACA5}.Debug|Any CPU.ActiveCfg = Debug|Any CPU
		{7F00F321-BE82-4262-B09D-3B8F7504ACA5}.Debug|Any CPU.Build.0 = Debug|Any CPU
		{7F00F321-BE82-4262-B09D-3B8F7504ACA5}.Release|Any CPU.ActiveCfg = Release|Any CPU
		{7F00F321-BE82-4262-B09D-3B8F7504ACA5}.Release|Any CPU.Build.0 = Release|Any CPU
	EndGlobalSection
	GlobalSection(SolutionProperties) = preSolution
		HideSolutionNode = FALSE
	EndGlobalSection
	GlobalSection(ExtensibilityGlobals) = postSolution
		SolutionGuid = {ECE97782-6361-4238-903C-1ED75AA3D380}
	EndGlobalSection
EndGlobal
